<?xml version="1.0" encoding="utf-8"?>
<Project ToolsVersion="4.0" xmlns="http://schemas.microsoft.com/developer/msbuild/2003">
  <ItemGroup>
    <Filter Include="소스 파일">
      <UniqueIdentifier>{4FC737F1-C7A5-4376-A066-2A32D752A2FF}</UniqueIdentifier>
      <Extensions>cpp;c;cc;cxx;def;odl;idl;hpj;bat;asm;asmx</Extensions>
    </Filter>
    <Filter Include="헤더 파일">
      <UniqueIdentifier>{93995380-89BD-4b04-88EB-625FBE52EBFB}</UniqueIdentifier>
      <Extensions>h;hh;hpp;hxx;hm;inl;inc;ipp;xsd</Extensions>
    </Filter>
    <Filter Include="리소스 파일">
      <UniqueIdentifier>{67DA6AB6-F800-4c08-8B7A-83BB121AAD01}</UniqueIdentifier>
      <Extensions>rc;ico;cur;bmp;dlg;rc2;rct;bin;rgs;gif;jpg;jpeg;jpe;resx;tiff;tif;png;wav;mfcribbon-ms</Extensions>
    </Filter>
    <Filter Include="소스 파일\1.Basic_100">
      <UniqueIdentifier>{2f0e5e6d-4aef-4ac0-9dbc-770ef2e89bf7}</UniqueIdentifier>
    </Filter>
    <Filter Include="소스 파일\참고">
      <UniqueIdentifier>{60c96d1c-9469-4661-b3d2-704213ff0acb}</UniqueIdentifier>
    </Filter>
  </ItemGroup>
  <ItemGroup>
    <ClCompile Include="1.Basic_100\Problem020.cpp">
      <Filter>소스 파일\1.Basic_100</Filter>
    </ClCompile>
    <ClCompile Include="1.Basic_100\Problem001.cpp">
      <Filter>소스 파일\1.Basic_100</Filter>
    </ClCompile>
    <ClCompile Include="1.Basic_100\Problem002.cpp">
      <Filter>소스 파일\1.Basic_100</Filter>
    </ClCompile>
    <ClCompile Include="1.Basic_100\Problem003.cpp">
      <Filter>소스 파일\1.Basic_100</Filter>
    </ClCompile>
    <ClCompile Include="1.Basic_100\Problem004.cpp">
      <Filter>소스 파일\1.Basic_100</Filter>
    </ClCompile>
    <ClCompile Include="1.Basic_100\Problem005.cpp">
      <Filter>소스 파일\1.Basic_100</Filter>
    </ClCompile>
    <ClCompile Include="1.Basic_100\Problem006.cpp">
      <Filter>소스 파일\1.Basic_100</Filter>
    </ClCompile>
    <ClCompile Include="1.Basic_100\Problem007.cpp">
      <Filter>소스 파일\1.Basic_100</Filter>
    </ClCompile>
    <ClCompile Include="1.Basic_100\Problem008.cpp">
      <Filter>소스 파일\1.Basic_100</Filter>
    </ClCompile>
    <ClCompile Include="1.Basic_100\Problem010.cpp">
      <Filter>소스 파일\1.Basic_100</Filter>
    </ClCompile>
    <ClCompile Include="1.Basic_100\Problem011.cpp">
      <Filter>소스 파일\1.Basic_100</Filter>
    </ClCompile>
    <ClCompile Include="1.Basic_100\Problem012.cpp">
      <Filter>소스 파일\1.Basic_100</Filter>
    </ClCompile>
    <ClCompile Include="1.Basic_100\Problem013.cpp">
      <Filter>소스 파일\1.Basic_100</Filter>
    </ClCompile>
    <ClCompile Include="1.Basic_100\Problem014.cpp">
      <Filter>소스 파일\1.Basic_100</Filter>
    </ClCompile>
    <ClCompile Include="1.Basic_100\Problem015.cpp">
      <Filter>소스 파일\1.Basic_100</Filter>
    </ClCompile>
    <ClCompile Include="1.Basic_100\Problem016.cpp">
      <Filter>소스 파일\1.Basic_100</Filter>
    </ClCompile>
    <ClCompile Include="1.Basic_100\Problem017.cpp">
      <Filter>소스 파일\1.Basic_100</Filter>
    </ClCompile>
    <ClCompile Include="1.Basic_100\Problem018.cpp">
      <Filter>소스 파일\1.Basic_100</Filter>
    </ClCompile>
    <ClCompile Include="1.Basic_100\Problem019.cpp">
      <Filter>소스 파일\1.Basic_100</Filter>
    </ClCompile>
    <ClCompile Include="Common\algorithm_Sample.cpp">
      <Filter>소스 파일\참고</Filter>
    </ClCompile>
    <ClCompile Include="Common\deque_Sample.cpp">
      <Filter>소스 파일\참고</Filter>
    </ClCompile>
    <ClCompile Include="Common\map_Sample.cpp">
      <Filter>소스 파일\참고</Filter>
    </ClCompile>
    <ClCompile Include="Common\pair_Sample.cpp">
      <Filter>소스 파일\참고</Filter>
    </ClCompile>
    <ClCompile Include="Common\queue_Sample.cpp">
      <Filter>소스 파일\참고</Filter>
    </ClCompile>
    <ClCompile Include="Common\set_Sample.cpp">
      <Filter>소스 파일\참고</Filter>
    </ClCompile>
    <ClCompile Include="Common\stack_Sample.cpp">
      <Filter>소스 파일\참고</Filter>
    </ClCompile>
    <ClCompile Include="Common\vector_Sample.cpp">
      <Filter>소스 파일\참고</Filter>
    </ClCompile>
    <ClCompile Include="main.cpp">
      <Filter>소스 파일</Filter>
    </ClCompile>
    <ClCompile Include="1.Basic_100\Problem021.cpp">
      <Filter>소스 파일\1.Basic_100</Filter>
    </ClCompile>
    <ClCompile Include="1.Basic_100\Problem022.cpp">
      <Filter>소스 파일\1.Basic_100</Filter>
    </ClCompile>
    <ClCompile Include="1.Basic_100\Problem023.cpp">
      <Filter>소스 파일\1.Basic_100</Filter>
    </ClCompile>
    <ClCompile Include="1.Basic_100\Problem024.cpp">
      <Filter>소스 파일\1.Basic_100</Filter>
    </ClCompile>
    <ClCompile Include="1.Basic_100\Problem025.cpp">
      <Filter>소스 파일\1.Basic_100</Filter>
    </ClCompile>
    <ClCompile Include="1.Basic_100\Problem026.cpp">
      <Filter>소스 파일\1.Basic_100</Filter>
    </ClCompile>
    <ClCompile Include="1.Basic_100\Problem027.cpp">
      <Filter>소스 파일\1.Basic_100</Filter>
    </ClCompile>
    <ClCompile Include="1.Basic_100\Problem028.cpp">
      <Filter>소스 파일\1.Basic_100</Filter>
    </ClCompile>
    <ClCompile Include="1.Basic_100\Problem029.cpp">
      <Filter>소스 파일\1.Basic_100</Filter>
    </ClCompile>
    <ClCompile Include="1.Basic_100\Problem030.cpp">
      <Filter>소스 파일\1.Basic_100</Filter>
    </ClCompile>
    <ClCompile Include="1.Basic_100\Problem031.cpp">
      <Filter>소스 파일\1.Basic_100</Filter>
    </ClCompile>
    <ClCompile Include="1.Basic_100\Problem032.cpp">
      <Filter>소스 파일\1.Basic_100</Filter>
    </ClCompile>
    <ClCompile Include="1.Basic_100\Problem033.cpp">
      <Filter>소스 파일\1.Basic_100</Filter>
    </ClCompile>
    <ClCompile Include="1.Basic_100\Problem034.cpp">
      <Filter>소스 파일\1.Basic_100</Filter>
    </ClCompile>
    <ClCompile Include="1.Basic_100\Problem035.cpp">
      <Filter>소스 파일\1.Basic_100</Filter>
    </ClCompile>
    <ClCompile Include="1.Basic_100\Problem036.cpp">
      <Filter>소스 파일\1.Basic_100</Filter>
    </ClCompile>
    <ClCompile Include="1.Basic_100\Problem037.cpp">
      <Filter>소스 파일\1.Basic_100</Filter>
    </ClCompile>
    <ClCompile Include="1.Basic_100\Problem038.cpp">
      <Filter>소스 파일\1.Basic_100</Filter>
    </ClCompile>
    <ClCompile Include="1.Basic_100\Problem039.cpp">
      <Filter>소스 파일\1.Basic_100</Filter>
    </ClCompile>
    <ClCompile Include="1.Basic_100\Problem040.cpp">
      <Filter>소스 파일\1.Basic_100</Filter>
    </ClCompile>
    <ClCompile Include="1.Basic_100\Problem041.cpp">
      <Filter>소스 파일\1.Basic_100</Filter>
    </ClCompile>
    <ClCompile Include="1.Basic_100\Problem042.cpp">
      <Filter>소스 파일\1.Basic_100</Filter>
    </ClCompile>
    <ClCompile Include="1.Basic_100\Problem043.cpp">
      <Filter>소스 파일\1.Basic_100</Filter>
    </ClCompile>
    <ClCompile Include="1.Basic_100\Problem044.cpp">
      <Filter>소스 파일\1.Basic_100</Filter>
    </ClCompile>
    <ClCompile Include="1.Basic_100\Problem045.cpp">
      <Filter>소스 파일\1.Basic_100</Filter>
    </ClCompile>
    <ClCompile Include="1.Basic_100\Problem046.cpp">
      <Filter>소스 파일\1.Basic_100</Filter>
    </ClCompile>
    <ClCompile Include="1.Basic_100\Problem047.cpp">
      <Filter>소스 파일\1.Basic_100</Filter>
    </ClCompile>
    <ClCompile Include="1.Basic_100\Problem048.cpp">
      <Filter>소스 파일\1.Basic_100</Filter>
    </ClCompile>
    <ClCompile Include="1.Basic_100\Problem049.cpp">
      <Filter>소스 파일\1.Basic_100</Filter>
    </ClCompile>
    <ClCompile Include="1.Basic_100\Problem050.cpp">
      <Filter>소스 파일\1.Basic_100</Filter>
    </ClCompile>
    <ClCompile Include="1.Basic_100\Problem051.cpp">
      <Filter>소스 파일\1.Basic_100</Filter>
    </ClCompile>
    <ClCompile Include="1.Basic_100\Problem052.cpp">
      <Filter>소스 파일\1.Basic_100</Filter>
    </ClCompile>
    <ClCompile Include="1.Basic_100\Problem053.cpp">
      <Filter>소스 파일\1.Basic_100</Filter>
    </ClCompile>
    <ClCompile Include="1.Basic_100\Problem054.cpp">
      <Filter>소스 파일\1.Basic_100</Filter>
    </ClCompile>
    <ClCompile Include="1.Basic_100\Problem055.cpp">
      <Filter>소스 파일\1.Basic_100</Filter>
    </ClCompile>
    <ClCompile Include="1.Basic_100\Problem056.cpp">
      <Filter>소스 파일\1.Basic_100</Filter>
    </ClCompile>
    <ClCompile Include="1.Basic_100\Problem057.cpp">
      <Filter>소스 파일\1.Basic_100</Filter>
    </ClCompile>
    <ClCompile Include="1.Basic_100\Problem058.cpp">
      <Filter>소스 파일\1.Basic_100</Filter>
    </ClCompile>
    <ClCompile Include="1.Basic_100\Problem059.cpp">
      <Filter>소스 파일\1.Basic_100</Filter>
    </ClCompile>
    <ClCompile Include="1.Basic_100\Problem060.cpp">
      <Filter>소스 파일\1.Basic_100</Filter>
    </ClCompile>
    <ClCompile Include="1.Basic_100\Problem061.cpp">
      <Filter>소스 파일\1.Basic_100</Filter>
    </ClCompile>
    <ClCompile Include="1.Basic_100\Problem062.cpp">
      <Filter>소스 파일\1.Basic_100</Filter>
    </ClCompile>
    <ClCompile Include="1.Basic_100\Problem063.cpp">
      <Filter>소스 파일\1.Basic_100</Filter>
    </ClCompile>
    <ClCompile Include="1.Basic_100\Problem064.cpp">
      <Filter>소스 파일\1.Basic_100</Filter>
    </ClCompile>
    <ClCompile Include="1.Basic_100\Problem065.cpp">
      <Filter>소스 파일\1.Basic_100</Filter>
    </ClCompile>
    <ClCompile Include="1.Basic_100\Problem066.cpp">
      <Filter>소스 파일\1.Basic_100</Filter>
    </ClCompile>
    <ClCompile Include="1.Basic_100\Problem067.cpp">
      <Filter>소스 파일\1.Basic_100</Filter>
    </ClCompile>
    <ClCompile Include="1.Basic_100\Problem068.cpp">
      <Filter>소스 파일\1.Basic_100</Filter>
    </ClCompile>
    <ClCompile Include="1.Basic_100\Problem069.cpp">
      <Filter>소스 파일\1.Basic_100</Filter>
    </ClCompile>
    <ClCompile Include="1.Basic_100\Problem070.cpp">
      <Filter>소스 파일\1.Basic_100</Filter>
    </ClCompile>
  </ItemGroup>
</Project>